
Microsoft Visual Studio Solution File, Format Version 12.00
# Visual Studio Version 16
VisualStudioVersion = 16.0.30804.86
MinimumVisualStudioVersion = 10.0.40219.1
Project("{FAE04EC0-301F-11D3-BF4B-00C04F79EFBC}") = "OOKP_Lab1.1", "OOKP_Lab1.1\OOKP_Lab1.1.csproj", "{D0BD02F9-B028-42C8-A883-8FAF68F3228D}"
EndProject
Global
	GlobalSection(SolutionConfigurationPlatforms) = preSolution
		Debug|Any CPU = Debug|Any CPU
		Release|Any CPU = Release|Any CPU
	EndGlobalSection
	GlobalSection(ProjectConfigurationPlatforms) = postSolution
		{D0BD02F9-B028-42C8-A883-8FAF68F3228D}.Debug|Any CPU.ActiveCfg = Debug|Any CPU
		{D0BD02F9-B028-42C8-A883-8FAF68F3228D}.Debug|Any CPU.Build.0 = Debug|Any CPU
		{D0BD02F9-B028-42C8-A883-8FAF68F3228D}.Release|Any CPU.ActiveCfg = Release|Any CPU
		{D0BD02F9-B028-42C8-A883-8FAF68F3228D}.Release|Any CPU.Build.0 = Release|Any CPU
	EndGlobalSection
	GlobalSection(SolutionProperties) = preSolution
		HideSolutionNode = FALSE
	EndGlobalSection
	GlobalSection(ExtensibilityGlobals) = postSolution
		SolutionGuid = {EA8D0ED1-C7A2-412E-874A-18E6A4DBE31C}
	EndGlobalSection
EndGlobal
